// !$*UTF8*$!
{
	archiveVersion = 1;
	classes = {
	};
	objectVersion = 56;
	objects = {

/* Begin PBXBuildFile section */
		13BBF1342A68BFBE00285334 /* CellChatApp.swift in Sources */ = {isa = PBXBuildFile; fileRef = 13BBF1332A68BFBE00285334 /* CellChatApp.swift */; };
		13BBF1362A68BFBE00285334 /* ContentView.swift in Sources */ = {isa = PBXBuildFile; fileRef = 13BBF1352A68BFBE00285334 /* ContentView.swift */; };
		13BBF1382A68BFBF00285334 /* Assets.xcassets in Resources */ = {isa = PBXBuildFile; fileRef = 13BBF1372A68BFBF00285334 /* Assets.xcassets */; };
		13BBF13B2A68BFBF00285334 /* Preview Assets.xcassets in Resources */ = {isa = PBXBuildFile; fileRef = 13BBF13A2A68BFBF00285334 /* Preview Assets.xcassets */; };
		13BBF1432A68C2CE00285334 /* TitleRow.swift in Sources */ = {isa = PBXBuildFile; fileRef = 13BBF1422A68C2CE00285334 /* TitleRow.swift */; };
		13BBF1462A68C65800285334 /* Message.swift in Sources */ = {isa = PBXBuildFile; fileRef = 13BBF1452A68C65800285334 /* Message.swift */; };
		13BBF14B2A68C72800285334 /* MessageBubble.swift in Sources */ = {isa = PBXBuildFile; fileRef = 13BBF14A2A68C72800285334 /* MessageBubble.swift */; };
		13BBF14D2A68CDAF00285334 /* Extensions.swift in Sources */ = {isa = PBXBuildFile; fileRef = 13BBF14C2A68CDAF00285334 /* Extensions.swift */; };
		13BBF14F2A68CF5300285334 /* MessageField.swift in Sources */ = {isa = PBXBuildFile; fileRef = 13BBF14E2A68CF5300285334 /* MessageField.swift */; };
		13BBF1512A68D3AD00285334 /* GoogleService-Info.plist in Resources */ = {isa = PBXBuildFile; fileRef = 13BBF1502A68D3AD00285334 /* GoogleService-Info.plist */; };
		13BBF1542A68D46600285334 /* FirebaseFirestore in Frameworks */ = {isa = PBXBuildFile; productRef = 13BBF1532A68D46600285334 /* FirebaseFirestore */; };
		13BBF1562A68D46600285334 /* FirebaseFirestoreSwift in Frameworks */ = {isa = PBXBuildFile; productRef = 13BBF1552A68D46600285334 /* FirebaseFirestoreSwift */; };
		13BBF1582A68E2B800285334 /* MessagesManager.swift in Sources */ = {isa = PBXBuildFile; fileRef = 13BBF1572A68E2B800285334 /* MessagesManager.swift */; };
/* End PBXBuildFile section */

/* Begin PBXFileReference section */
		13BBF1302A68BFBE00285334 /* CellChat.app */ = {isa = PBXFileReference; explicitFileType = wrapper.application; includeInIndex = 0; path = CellChat.app; sourceTree = BUILT_PRODUCTS_DIR; };
		13BBF1332A68BFBE00285334 /* CellChatApp.swift */ = {isa = PBXFileReference; lastKnownFileType = sourcecode.swift; path = CellChatApp.swift; sourceTree = "<group>"; };
		13BBF1352A68BFBE00285334 /* ContentView.swift */ = {isa = PBXFileReference; lastKnownFileType = sourcecode.swift; path = ContentView.swift; sourceTree = "<group>"; };
		13BBF1372A68BFBF00285334 /* Assets.xcassets */ = {isa = PBXFileReference; lastKnownFileType = folder.assetcatalog; path = Assets.xcassets; sourceTree = "<group>"; };
		13BBF13A2A68BFBF00285334 /* Preview Assets.xcassets */ = {isa = PBXFileReference; lastKnownFileType = folder.assetcatalog; path = "Preview Assets.xcassets"; sourceTree = "<group>"; };
		13BBF1422A68C2CE00285334 /* TitleRow.swift */ = {isa = PBXFileReference; lastKnownFileType = sourcecode.swift; path = TitleRow.swift; sourceTree = "<group>"; };
		13BBF1452A68C65800285334 /* Message.swift */ = {isa = PBXFileReference; lastKnownFileType = sourcecode.swift; path = Message.swift; sourceTree = "<group>"; };
		13BBF14A2A68C72800285334 /* MessageBubble.swift */ = {isa = PBXFileReference; lastKnownFileType = sourcecode.swift; path = MessageBubble.swift; sourceTree = "<group>"; };
		13BBF14C2A68CDAF00285334 /* Extensions.swift */ = {isa = PBXFileReference; lastKnownFileType = sourcecode.swift; path = Extensions.swift; sourceTree = "<group>"; };
		13BBF14E2A68CF5300285334 /* MessageField.swift */ = {isa = PBXFileReference; lastKnownFileType = sourcecode.swift; path = MessageField.swift; sourceTree = "<group>"; };
		13BBF1502A68D3AD00285334 /* GoogleService-Info.plist */ = {isa = PBXFileReference; fileEncoding = 4; lastKnownFileType = text.plist.xml; path = "GoogleService-Info.plist"; sourceTree = "<group>"; };
		13BBF1572A68E2B800285334 /* MessagesManager.swift */ = {isa = PBXFileReference; lastKnownFileType = sourcecode.swift; path = MessagesManager.swift; sourceTree = "<group>"; };
/* End PBXFileReference section */

/* Begin PBXFrameworksBuildPhase section */
		13BBF12D2A68BFBE00285334 /* Frameworks */ = {
			isa = PBXFrameworksBuildPhase;
			buildActionMask = 2147483647;
			files = (
				13BBF1542A68D46600285334 /* FirebaseFirestore in Frameworks */,
				13BBF1562A68D46600285334 /* FirebaseFirestoreSwift in Frameworks */,
			);
			runOnlyForDeploymentPostprocessing = 0;
		};
/* End PBXFrameworksBuildPhase section */

/* Begin PBXGroup section */
		13BBF1272A68BFBE00285334 = {
			isa = PBXGroup;
			children = (
				13BBF1322A68BFBE00285334 /* CellChat */,
				13BBF1312A68BFBE00285334 /* Products */,
			);
			sourceTree = "<group>";
		};
		13BBF1312A68BFBE00285334 /* Products */ = {
			isa = PBXGroup;
			children = (
				13BBF1302A68BFBE00285334 /* CellChat.app */,
			);
			name = Products;
			sourceTree = "<group>";
		};
		13BBF1322A68BFBE00285334 /* CellChat */ = {
			isa = PBXGroup;
			children = (
				13BBF1442A68C63E00285334 /* Models */,
				13BBF1472A68C6B400285334 /* View */,
				13BBF1482A68C6C400285334 /* ViewModel */,
				13BBF1592A68E92800285334 /* Network */,
				13BBF1492A68C6DC00285334 /* Support */,
				13BBF1412A68C29900285334 /* Components */,
				13BBF1392A68BFBF00285334 /* Preview Content */,
			);
			path = CellChat;
			sourceTree = "<group>";
		};
		13BBF1392A68BFBF00285334 /* Preview Content */ = {
			isa = PBXGroup;
			children = (
				13BBF13A2A68BFBF00285334 /* Preview Assets.xcassets */,
			);
			path = "Preview Content";
			sourceTree = "<group>";
		};
		13BBF1412A68C29900285334 /* Components */ = {
			isa = PBXGroup;
			children = (
				13BBF1422A68C2CE00285334 /* TitleRow.swift */,
				13BBF14A2A68C72800285334 /* MessageBubble.swift */,
				13BBF14E2A68CF5300285334 /* MessageField.swift */,
			);
			path = Components;
			sourceTree = "<group>";
		};
		13BBF1442A68C63E00285334 /* Models */ = {
			isa = PBXGroup;
			children = (
				13BBF1452A68C65800285334 /* Message.swift */,
			);
			path = Models;
			sourceTree = "<group>";
		};
		13BBF1472A68C6B400285334 /* View */ = {
			isa = PBXGroup;
			children = (
				13BBF1352A68BFBE00285334 /* ContentView.swift */,
			);
			path = View;
			sourceTree = "<group>";
		};
		13BBF1482A68C6C400285334 /* ViewModel */ = {
			isa = PBXGroup;
			children = (
			);
			path = ViewModel;
			sourceTree = "<group>";
		};
		13BBF1492A68C6DC00285334 /* Support */ = {
			isa = PBXGroup;
			children = (
				13BBF1332A68BFBE00285334 /* CellChatApp.swift */,
				13BBF14C2A68CDAF00285334 /* Extensions.swift */,
				13BBF1372A68BFBF00285334 /* Assets.xcassets */,
				13BBF1502A68D3AD00285334 /* GoogleService-Info.plist */,
			);
			path = Support;
			sourceTree = "<group>";
		};
		13BBF1592A68E92800285334 /* Network */ = {
			isa = PBXGroup;
			children = (
				13BBF1572A68E2B800285334 /* MessagesManager.swift */,
			);
			path = Network;
			sourceTree = "<group>";
		};
/* End PBXGroup section */

/* Begin PBXNativeTarget section */
		13BBF12F2A68BFBE00285334 /* CellChat */ = {
			isa = PBXNativeTarget;
			buildConfigurationList = 13BBF13E2A68BFBF00285334 /* Build configuration list for PBXNativeTarget "CellChat" */;
			buildPhases = (
				13BBF12C2A68BFBE00285334 /* Sources */,
				13BBF12D2A68BFBE00285334 /* Frameworks */,
				13BBF12E2A68BFBE00285334 /* Resources */,
			);
			buildRules = (
			);
			dependencies = (
			);
			name = CellChat;
			packageProductDependencies = (
				13BBF1532A68D46600285334 /* FirebaseFirestore */,
				13BBF1552A68D46600285334 /* FirebaseFirestoreSwift */,
			);
			productName = CellChat;
			productReference = 13BBF1302A68BFBE00285334 /* CellChat.app */;
			productType = "com.apple.product-type.application";
		};
/* End PBXNativeTarget section */

/* Begin PBXProject section */
		13BBF1282A68BFBE00285334 /* Project object */ = {
			isa = PBXProject;
			attributes = {
				BuildIndependentTargetsInParallel = 1;
				LastSwiftUpdateCheck = 1420;
				LastUpgradeCheck = 1420;
				TargetAttributes = {
					13BBF12F2A68BFBE00285334 = {
						CreatedOnToolsVersion = 14.2;
					};
				};
			};
			buildConfigurationList = 13BBF12B2A68BFBE00285334 /* Build configuration list for PBXProject "CellChat" */;
			compatibilityVersion = "Xcode 14.0";
			developmentRegion = en;
			hasScannedForEncodings = 0;
			knownRegions = (
				en,
				Base,
			);
			mainGroup = 13BBF1272A68BFBE00285334;
			packageReferences = (
				13BBF1522A68D46600285334 /* XCRemoteSwiftPackageReference "firebase-ios-sdk" */,
			);
			productRefGroup = 13BBF1312A68BFBE00285334 /* Products */;
			projectDirPath = "";
			projectRoot = "";
			targets = (
				13BBF12F2A68BFBE00285334 /* CellChat */,
			);
		};
/* End PBXProject section */

/* Begin PBXResourcesBuildPhase section */
		13BBF12E2A68BFBE00285334 /* Resources */ = {
			isa = PBXResourcesBuildPhase;
			buildActionMask = 2147483647;
			files = (
				13BBF13B2A68BFBF00285334 /* Preview Assets.xcassets in Resources */,
				13BBF1382A68BFBF00285334 /* Assets.xcassets in Resources */,
				13BBF1512A68D3AD00285334 /* GoogleService-Info.plist in Resources */,
			);
			runOnlyForDeploymentPostprocessing = 0;
		};
/* End PBXResourcesBuildPhase section */

/* Begin PBXSourcesBuildPhase section */
		13BBF12C2A68BFBE00285334 /* Sources */ = {
			isa = PBXSourcesBuildPhase;
			buildActionMask = 2147483647;
			files = (
				13BBF1362A68BFBE00285334 /* ContentView.swift in Sources */,
				13BBF14D2A68CDAF00285334 /* Extensions.swift in Sources */,
				13BBF1462A68C65800285334 /* Message.swift in Sources */,
				13BBF1582A68E2B800285334 /* MessagesManager.swift in Sources */,
				13BBF14F2A68CF5300285334 /* MessageField.swift in Sources */,
				13BBF14B2A68C72800285334 /* MessageBubble.swift in Sources */,
				13BBF1342A68BFBE00285334 /* CellChatApp.swift in Sources */,
				13BBF1432A68C2CE00285334 /* TitleRow.swift in Sources */,
			);
			runOnlyForDeploymentPostprocessing = 0;
		};
/* End PBXSourcesBuildPhase section */

/* Begin XCBuildConfiguration section */
		13BBF13C2A68BFBF00285334 /* Debug */ = {
			isa = XCBuildConfiguration;
			buildSettings = {
				ALWAYS_SEARCH_USER_PATHS = NO;
				CLANG_ANALYZER_NONNULL = YES;
				CLANG_ANALYZER_NUMBER_OBJECT_CONVERSION = YES_AGGRESSIVE;
				CLANG_CXX_LANGUAGE_STANDARD = "gnu++20";
				CLANG_ENABLE_MODULES = YES;
				CLANG_ENABLE_OBJC_ARC = YES;
				CLANG_ENABLE_OBJC_WEAK = YES;
				CLANG_WARN_BLOCK_CAPTURE_AUTORELEASING = YES;
				CLANG_WARN_BOOL_CONVERSION = YES;
				CLANG_WARN_COMMA = YES;
				CLANG_WARN_CONSTANT_CONVERSION = YES;
				CLANG_WARN_DEPRECATED_OBJC_IMPLEMENTATIONS = YES;
				CLANG_WARN_DIRECT_OBJC_ISA_USAGE = YES_ERROR;
				CLANG_WARN_DOCUMENTATION_COMMENTS = YES;
				CLANG_WARN_EMPTY_BODY = YES;
				CLANG_WARN_ENUM_CONVERSION = YES;
				CLANG_WARN_INFINITE_RECURSION = YES;
				CLANG_WARN_INT_CONVERSION = YES;
				CLANG_WARN_NON_LITERAL_NULL_CONVERSION = YES;
				CLANG_WARN_OBJC_IMPLICIT_RETAIN_SELF = YES;
				CLANG_WARN_OBJC_LITERAL_CONVERSION = YES;
				CLANG_WARN_OBJC_ROOT_CLASS = YES_ERROR;
				CLANG_WARN_QUOTED_INCLUDE_IN_FRAMEWORK_HEADER = YES;
				CLANG_WARN_RANGE_LOOP_ANALYSIS = YES;
				CLANG_WARN_STRICT_PROTOTYPES = YES;
				CLANG_WARN_SUSPICIOUS_MOVE = YES;
				CLANG_WARN_UNGUARDED_AVAILABILITY = YES_AGGRESSIVE;
				CLANG_WARN_UNREACHABLE_CODE = YES;
				CLANG_WARN__DUPLICATE_METHOD_MATCH = YES;
				COPY_PHASE_STRIP = NO;
				DEBUG_INFORMATION_FORMAT = dwarf;
				ENABLE_STRICT_OBJC_MSGSEND = YES;
				ENABLE_TESTABILITY = YES;
				GCC_C_LANGUAGE_STANDARD = gnu11;
				GCC_DYNAMIC_NO_PIC = NO;
				GCC_NO_COMMON_BLOCKS = YES;
				GCC_OPTIMIZATION_LEVEL = 0;
				GCC_PREPROCESSOR_DEFINITIONS = (
					"DEBUG=1",
					"$(inherited)",
				);
				GCC_WARN_64_TO_32_BIT_CONVERSION = YES;
				GCC_WARN_ABOUT_RETURN_TYPE = YES_ERROR;
				GCC_WARN_UNDECLARED_SELECTOR = YES;
				GCC_WARN_UNINITIALIZED_AUTOS = YES_AGGRESSIVE;
				GCC_WARN_UNUSED_FUNCTION = YES;
				GCC_WARN_UNUSED_VARIABLE = YES;
				IPHONEOS_DEPLOYMENT_TARGET = 16.2;
				MTL_ENABLE_DEBUG_INFO = INCLUDE_SOURCE;
				MTL_FAST_MATH = YES;
				ONLY_ACTIVE_ARCH = YES;
				SDKROOT = iphoneos;
				SWIFT_ACTIVE_COMPILATION_CONDITIONS = DEBUG;
				SWIFT_OPTIMIZATION_LEVEL = "-Onone";
			};
			name = Debug;
		};
		13BBF13D2A68BFBF00285334 /* Release */ = {
			isa = XCBuildConfiguration;
			buildSettings = {
				ALWAYS_SEARCH_USER_PATHS = NO;
				CLANG_ANALYZER_NONNULL = YES;
				CLANG_ANALYZER_NUMBER_OBJECT_CONVERSION = YES_AGGRESSIVE;
				CLANG_CXX_LANGUAGE_STANDARD = "gnu++20";
				CLANG_ENABLE_MODULES = YES;
				CLANG_ENABLE_OBJC_ARC = YES;
				CLANG_ENABLE_OBJC_WEAK = YES;
				CLANG_WARN_BLOCK_CAPTURE_AUTORELEASING = YES;
				CLANG_WARN_BOOL_CONVERSION = YES;
				CLANG_WARN_COMMA = YES;
				CLANG_WARN_CONSTANT_CONVERSION = YES;
				CLANG_WARN_DEPRECATED_OBJC_IMPLEMENTATIONS = YES;
				CLANG_WARN_DIRECT_OBJC_ISA_USAGE = YES_ERROR;
				CLANG_WARN_DOCUMENTATION_COMMENTS = YES;
				CLANG_WARN_EMPTY_BODY = YES;
				CLANG_WARN_ENUM_CONVERSION = YES;
				CLANG_WARN_INFINITE_RECURSION = YES;
				CLANG_WARN_INT_CONVERSION = YES;
				CLANG_WARN_NON_LITERAL_NULL_CONVERSION = YES;
				CLANG_WARN_OBJC_IMPLICIT_RETAIN_SELF = YES;
				CLANG_WARN_OBJC_LITERAL_CONVERSION = YES;
				CLANG_WARN_OBJC_ROOT_CLASS = YES_ERROR;
				CLANG_WARN_QUOTED_INCLUDE_IN_FRAMEWORK_HEADER = YES;
				CLANG_WARN_RANGE_LOOP_ANALYSIS = YES;
				CLANG_WARN_STRICT_PROTOTYPES = YES;
				CLANG_WARN_SUSPICIOUS_MOVE = YES;
				CLANG_WARN_UNGUARDED_AVAILABILITY = YES_AGGRESSIVE;
				CLANG_WARN_UNREACHABLE_CODE = YES;
				CLANG_WARN__DUPLICATE_METHOD_MATCH = YES;
				COPY_PHASE_STRIP = NO;
				DEBUG_INFORMATION_FORMAT = "dwarf-with-dsym";
				ENABLE_NS_ASSERTIONS = NO;
				ENABLE_STRICT_OBJC_MSGSEND = YES;
				GCC_C_LANGUAGE_STANDARD = gnu11;
				GCC_NO_COMMON_BLOCKS = YES;
				GCC_WARN_64_TO_32_BIT_CONVERSION = YES;
				GCC_WARN_ABOUT_RETURN_TYPE = YES_ERROR;
				GCC_WARN_UNDECLARED_SELECTOR = YES;
				GCC_WARN_UNINITIALIZED_AUTOS = YES_AGGRESSIVE;
				GCC_WARN_UNUSED_FUNCTION = YES;
				GCC_WARN_UNUSED_VARIABLE = YES;
				IPHONEOS_DEPLOYMENT_TARGET = 16.2;
				MTL_ENABLE_DEBUG_INFO = NO;
				MTL_FAST_MATH = YES;
				SDKROOT = iphoneos;
				SWIFT_COMPILATION_MODE = wholemodule;
				SWIFT_OPTIMIZATION_LEVEL = "-O";
				VALIDATE_PRODUCT = YES;
			};
			name = Release;
		};
		13BBF13F2A68BFBF00285334 /* Debug */ = {
			isa = XCBuildConfiguration;
			buildSettings = {
				ASSETCATALOG_COMPILER_APPICON_NAME = AppIcon;
				ASSETCATALOG_COMPILER_GLOBAL_ACCENT_COLOR_NAME = AccentColor;
				CODE_SIGN_STYLE = Automatic;
				CURRENT_PROJECT_VERSION = 1;
				DEVELOPMENT_ASSET_PATHS = "\"CellChat/Preview Content\"";
				DEVELOPMENT_TEAM = T94Y3NV5X8;
				ENABLE_PREVIEWS = YES;
				GENERATE_INFOPLIST_FILE = YES;
				INFOPLIST_KEY_UIApplicationSceneManifest_Generation = YES;
				INFOPLIST_KEY_UIApplicationSupportsIndirectInputEvents = YES;
				INFOPLIST_KEY_UILaunchScreen_Generation = YES;
				INFOPLIST_KEY_UISupportedInterfaceOrientations_iPad = "UIInterfaceOrientationPortrait UIInterfaceOrientationPortraitUpsideDown UIInterfaceOrientationLandscapeLeft UIInterfaceOrientationLandscapeRight";
				INFOPLIST_KEY_UISupportedInterfaceOrientations_iPhone = "UIInterfaceOrientationPortrait UIInterfaceOrientationLandscapeLeft UIInterfaceOrientationLandscapeRight";
				LD_RUNPATH_SEARCH_PATHS = (
					"$(inherited)",
					"@executable_path/Frameworks",
				);
				MARKETING_VERSION = 1.0;
				PRODUCT_BUNDLE_IDENTIFIER = AceEzra.CellChat;
				PRODUCT_NAME = "$(TARGET_NAME)";
				SWIFT_EMIT_LOC_STRINGS = YES;
				SWIFT_VERSION = 5.0;
				TARGETED_DEVICE_FAMILY = "1,2";
			};
			name = Debug;
		};
		13BBF1402A68BFBF00285334 /* Release */ = {
			isa = XCBuildConfiguration;
			buildSettings = {
				ASSETCATALOG_COMPILER_APPICON_NAME = AppIcon;
				ASSETCATALOG_COMPILER_GLOBAL_ACCENT_COLOR_NAME = AccentColor;
				CODE_SIGN_STYLE = Automatic;
				CURRENT_PROJECT_VERSION = 1;
				DEVELOPMENT_ASSET_PATHS = "\"CellChat/Preview Content\"";
				DEVELOPMENT_TEAM = T94Y3NV5X8;
				ENABLE_PREVIEWS = YES;
				GENERATE_INFOPLIST_FILE = YES;
				INFOPLIST_KEY_UIApplicationSceneManifest_Generation = YES;
				INFOPLIST_KEY_UIApplicationSupportsIndirectInputEvents = YES;
				INFOPLIST_KEY_UILaunchScreen_Generation = YES;
				INFOPLIST_KEY_UISupportedInterfaceOrientations_iPad = "UIInterfaceOrientationPortrait UIInterfaceOrientationPortraitUpsideDown UIInterfaceOrientationLandscapeLeft UIInterfaceOrientationLandscapeRight";
				INFOPLIST_KEY_UISupportedInterfaceOrientations_iPhone = "UIInterfaceOrientationPortrait UIInterfaceOrientationLandscapeLeft UIInterfaceOrientationLandscapeRight";
				LD_RUNPATH_SEARCH_PATHS = (
					"$(inherited)",
					"@executable_path/Frameworks",
				);
				MARKETING_VERSION = 1.0;
				PRODUCT_BUNDLE_IDENTIFIER = AceEzra.CellChat;
				PRODUCT_NAME = "$(TARGET_NAME)";
				SWIFT_EMIT_LOC_STRINGS = YES;
				SWIFT_VERSION = 5.0;
				TARGETED_DEVICE_FAMILY = "1,2";
			};
			name = Release;
		};
/* End XCBuildConfiguration section */

/* Begin XCConfigurationList section */
		13BBF12B2A68BFBE00285334 /* Build configuration list for PBXProject "CellChat" */ = {
			isa = XCConfigurationList;
			buildConfigurations = (
				13BBF13C2A68BFBF00285334 /* Debug */,
				13BBF13D2A68BFBF00285334 /* Release */,
			);
			defaultConfigurationIsVisible = 0;
			defaultConfigurationName = Release;
		};
		13BBF13E2A68BFBF00285334 /* Build configuration list for PBXNativeTarget "CellChat" */ = {
			isa = XCConfigurationList;
			buildConfigurations = (
				13BBF13F2A68BFBF00285334 /* Debug */,
				13BBF1402A68BFBF00285334 /* Release */,
			);
			defaultConfigurationIsVisible = 0;
			defaultConfigurationName = Release;
		};
/* End XCConfigurationList section */

/* Begin XCRemoteSwiftPackageReference section */
		13BBF1522A68D46600285334 /* XCRemoteSwiftPackageReference "firebase-ios-sdk" */ = {
			isa = XCRemoteSwiftPackageReference;
			repositoryURL = "https://github.com/firebase/firebase-ios-sdk";
			requirement = {
				kind = upToNextMajorVersion;
				minimumVersion = 9.0.0;
			};
		};
/* End XCRemoteSwiftPackageReference section */

/* Begin XCSwiftPackageProductDependency section */
		13BBF1532A68D46600285334 /* FirebaseFirestore */ = {
			isa = XCSwiftPackageProductDependency;
			package = 13BBF1522A68D46600285334 /* XCRemoteSwiftPackageReference "firebase-ios-sdk" */;
			productName = FirebaseFirestore;
		};
		13BBF1552A68D46600285334 /* FirebaseFirestoreSwift */ = {
			isa = XCSwiftPackageProductDependency;
			package = 13BBF1522A68D46600285334 /* XCRemoteSwiftPackageReference "firebase-ios-sdk" */;
			productName = FirebaseFirestoreSwift;
		};
/* End XCSwiftPackageProductDependency section */
	};
	rootObject = 13BBF1282A68BFBE00285334 /* Project object */;
}
